
Microsoft Visual Studio Solution File, Format Version 12.00
# Visual Studio Version 17
VisualStudioVersion = 17.0.31903.59
MinimumVisualStudioVersion = 10.0.40219.1
Project("{9A19103F-16F7-4668-BE54-9A1E7A4F7556}") = "PVI.GQKN.API", "GQKN.API\PVI.GQKN.API.csproj", "{F3CF790A-608E-4ADF-97DA-40840D650924}"
EndProject
Project("{9A19103F-16F7-4668-BE54-9A1E7A4F7556}") = "PVI.GQKN.Domain", "GQKN.Domain\PVI.GQKN.Domain.csproj", "{A8648E52-70F9-46CE-A5D4-5219A6E9A649}"
EndProject
Project("{9A19103F-16F7-4668-BE54-9A1E7A4F7556}") = "PVI.GQKN.Infrastructure", "GQKN.Infrastructure\PVI.GQKN.Infrastructure.csproj", "{CBB50487-62C9-46BC-A5BD-5FC77B8BC6B0}"
EndProject
Project("{2150E333-8FDC-42A3-9474-1A3956D46DE8}") = "BuildingBlocks", "BuildingBlocks", "{7F133CF6-BAA6-4DB3-8352-C5F92D680618}"
EndProject
Project("{9A19103F-16F7-4668-BE54-9A1E7A4F7556}") = "Devspaces.Support", "BuildingBlocks\Devspaces.Support\Devspaces.Support.csproj", "{C1716BCC-7C43-4999-B311-F521A3AD6064}"
EndProject
Project("{2150E333-8FDC-42A3-9474-1A3956D46DE8}") = "EventBus", "EventBus", "{F58C8996-FCED-4EF9-984E-10240F6B7FCF}"
EndProject
Project("{9A19103F-16F7-4668-BE54-9A1E7A4F7556}") = "EventBus", "BuildingBlocks\EventBus\EventBus\EventBus.csproj", "{D5E78032-42CD-4C60-83E0-FCD035CD867E}"
EndProject
Project("{9A19103F-16F7-4668-BE54-9A1E7A4F7556}") = "EventBus.Tests", "BuildingBlocks\EventBus\EventBus.Tests\EventBus.Tests.csproj", "{F963EADE-74B6-405E-B5E9-1904E2D055C7}"
EndProject
Project("{9A19103F-16F7-4668-BE54-9A1E7A4F7556}") = "EventBusRabbitMQ", "BuildingBlocks\EventBus\EventBusRabbitMQ\EventBusRabbitMQ.csproj", "{847E6761-EE97-4E9C-BE18-4CFB944E2900}"
EndProject
Project("{9A19103F-16F7-4668-BE54-9A1E7A4F7556}") = "EventBusServiceBus", "BuildingBlocks\EventBus\EventBusServiceBus\EventBusServiceBus.csproj", "{11CDAEF8-9395-4026-8218-4C6CA1DA61D0}"
EndProject
Project("{2150E333-8FDC-42A3-9474-1A3956D46DE8}") = "WebHostCustomization", "WebHostCustomization", "{0787E2E0-CCC1-4572-85EC-AEA41199B4C7}"
EndProject
Project("{9A19103F-16F7-4668-BE54-9A1E7A4F7556}") = "WebHost.Customization", "BuildingBlocks\WebHostCustomization\WebHost.Customization\WebHost.Customization.csproj", "{29AE06C6-A0D7-4914-B6FF-949D5F53CDD9}"
EndProject
Project("{9A19103F-16F7-4668-BE54-9A1E7A4F7556}") = "IntegrationEventLogEF", "BuildingBlocks\EventBus\IntegrationEventLogEF\IntegrationEventLogEF.csproj", "{D722B52B-92EA-479D-B96D-0D7827BC4123}"
EndProject
Project("{9A19103F-16F7-4668-BE54-9A1E7A4F7556}") = "PVI.GQKN.APITests", "PVI.GQKN.APITests\PVI.GQKN.APITests.csproj", "{A2E79516-F55F-49A7-87C7-6AA3D4EC18E3}"
EndProject
Project("{2150E333-8FDC-42A3-9474-1A3956D46DE8}") = "Tests", "Tests", "{24FAED4E-39B6-45FB-9D59-572FAE57D7FF}"
EndProject
Global
	GlobalSection(SolutionConfigurationPlatforms) = preSolution
		Debug|Any CPU = Debug|Any CPU
		Release|Any CPU = Release|Any CPU
	EndGlobalSection
	GlobalSection(ProjectConfigurationPlatforms) = postSolution
		{F3CF790A-608E-4ADF-97DA-40840D650924}.Debug|Any CPU.ActiveCfg = Debug|Any CPU
		{F3CF790A-608E-4ADF-97DA-40840D650924}.Debug|Any CPU.Build.0 = Debug|Any CPU
		{F3CF790A-608E-4ADF-97DA-40840D650924}.Release|Any CPU.ActiveCfg = Release|Any CPU
		{F3CF790A-608E-4ADF-97DA-40840D650924}.Release|Any CPU.Build.0 = Release|Any CPU
		{A8648E52-70F9-46CE-A5D4-5219A6E9A649}.Debug|Any CPU.ActiveCfg = Debug|Any CPU
		{A8648E52-70F9-46CE-A5D4-5219A6E9A649}.Debug|Any CPU.Build.0 = Debug|Any CPU
		{A8648E52-70F9-46CE-A5D4-5219A6E9A649}.Release|Any CPU.ActiveCfg = Release|Any CPU
		{A8648E52-70F9-46CE-A5D4-5219A6E9A649}.Release|Any CPU.Build.0 = Release|Any CPU
		{CBB50487-62C9-46BC-A5BD-5FC77B8BC6B0}.Debug|Any CPU.ActiveCfg = Debug|Any CPU
		{CBB50487-62C9-46BC-A5BD-5FC77B8BC6B0}.Debug|Any CPU.Build.0 = Debug|Any CPU
		{CBB50487-62C9-46BC-A5BD-5FC77B8BC6B0}.Release|Any CPU.ActiveCfg = Release|Any CPU
		{CBB50487-62C9-46BC-A5BD-5FC77B8BC6B0}.Release|Any CPU.Build.0 = Release|Any CPU
		{C1716BCC-7C43-4999-B311-F521A3AD6064}.Debug|Any CPU.ActiveCfg = Debug|Any CPU
		{C1716BCC-7C43-4999-B311-F521A3AD6064}.Debug|Any CPU.Build.0 = Debug|Any CPU
		{C1716BCC-7C43-4999-B311-F521A3AD6064}.Release|Any CPU.ActiveCfg = Release|Any CPU
		{C1716BCC-7C43-4999-B311-F521A3AD6064}.Release|Any CPU.Build.0 = Release|Any CPU
		{D5E78032-42CD-4C60-83E0-FCD035CD867E}.Debug|Any CPU.ActiveCfg = Debug|Any CPU
		{D5E78032-42CD-4C60-83E0-FCD035CD867E}.Debug|Any CPU.Build.0 = Debug|Any CPU
		{D5E78032-42CD-4C60-83E0-FCD035CD867E}.Release|Any CPU.ActiveCfg = Release|Any CPU
		{D5E78032-42CD-4C60-83E0-FCD035CD867E}.Release|Any CPU.Build.0 = Release|Any CPU
		{F963EADE-74B6-405E-B5E9-1904E2D055C7}.Debug|Any CPU.ActiveCfg = Debug|Any CPU
		{F963EADE-74B6-405E-B5E9-1904E2D055C7}.Debug|Any CPU.Build.0 = Debug|Any CPU
		{F963EADE-74B6-405E-B5E9-1904E2D055C7}.Release|Any CPU.ActiveCfg = Release|Any CPU
		{F963EADE-74B6-405E-B5E9-1904E2D055C7}.Release|Any CPU.Build.0 = Release|Any CPU
		{847E6761-EE97-4E9C-BE18-4CFB944E2900}.Debug|Any CPU.ActiveCfg = Debug|Any CPU
		{847E6761-EE97-4E9C-BE18-4CFB944E2900}.Debug|Any CPU.Build.0 = Debug|Any CPU
		{847E6761-EE97-4E9C-BE18-4CFB944E2900}.Release|Any CPU.ActiveCfg = Release|Any CPU
		{847E6761-EE97-4E9C-BE18-4CFB944E2900}.Release|Any CPU.Build.0 = Release|Any CPU
		{11CDAEF8-9395-4026-8218-4C6CA1DA61D0}.Debug|Any CPU.ActiveCfg = Debug|Any CPU
		{11CDAEF8-9395-4026-8218-4C6CA1DA61D0}.Debug|Any CPU.Build.0 = Debug|Any CPU
		{11CDAEF8-9395-4026-8218-4C6CA1DA61D0}.Release|Any CPU.ActiveCfg = Release|Any CPU
		{11CDAEF8-9395-4026-8218-4C6CA1DA61D0}.Release|Any CPU.Build.0 = Release|Any CPU
		{29AE06C6-A0D7-4914-B6FF-949D5F53CDD9}.Debug|Any CPU.ActiveCfg = Debug|Any CPU
		{29AE06C6-A0D7-4914-B6FF-949D5F53CDD9}.Debug|Any CPU.Build.0 = Debug|Any CPU
		{29AE06C6-A0D7-4914-B6FF-949D5F53CDD9}.Release|Any CPU.ActiveCfg = Release|Any CPU
		{29AE06C6-A0D7-4914-B6FF-949D5F53CDD9}.Release|Any CPU.Build.0 = Release|Any CPU
		{D722B52B-92EA-479D-B96D-0D7827BC4123}.Debug|Any CPU.ActiveCfg = Debug|Any CPU
		{D722B52B-92EA-479D-B96D-0D7827BC4123}.Debug|Any CPU.Build.0 = Debug|Any CPU
		{D722B52B-92EA-479D-B96D-0D7827BC4123}.Release|Any CPU.ActiveCfg = Release|Any CPU
		{D722B52B-92EA-479D-B96D-0D7827BC4123}.Release|Any CPU.Build.0 = Release|Any CPU
		{A2E79516-F55F-49A7-87C7-6AA3D4EC18E3}.Debug|Any CPU.ActiveCfg = Debug|Any CPU
		{A2E79516-F55F-49A7-87C7-6AA3D4EC18E3}.Debug|Any CPU.Build.0 = Debug|Any CPU
		{A2E79516-F55F-49A7-87C7-6AA3D4EC18E3}.Release|Any CPU.ActiveCfg = Release|Any CPU
		{A2E79516-F55F-49A7-87C7-6AA3D4EC18E3}.Release|Any CPU.Build.0 = Release|Any CPU
		{E7C33694-52E8-495B-80C1-465EF269CDAE}.Debug|Any CPU.ActiveCfg = Debug|Any CPU
		{E7C33694-52E8-495B-80C1-465EF269CDAE}.Debug|Any CPU.Build.0 = Debug|Any CPU
		{E7C33694-52E8-495B-80C1-465EF269CDAE}.Release|Any CPU.ActiveCfg = Release|Any CPU
		{E7C33694-52E8-495B-80C1-465EF269CDAE}.Release|Any CPU.Build.0 = Release|Any CPU
	EndGlobalSection
	GlobalSection(SolutionProperties) = preSolution
		HideSolutionNode = FALSE
	EndGlobalSection
	GlobalSection(NestedProjects) = preSolution
		{C1716BCC-7C43-4999-B311-F521A3AD6064} = {7F133CF6-BAA6-4DB3-8352-C5F92D680618}
		{F58C8996-FCED-4EF9-984E-10240F6B7FCF} = {7F133CF6-BAA6-4DB3-8352-C5F92D680618}
		{D5E78032-42CD-4C60-83E0-FCD035CD867E} = {F58C8996-FCED-4EF9-984E-10240F6B7FCF}
		{F963EADE-74B6-405E-B5E9-1904E2D055C7} = {F58C8996-FCED-4EF9-984E-10240F6B7FCF}
		{847E6761-EE97-4E9C-BE18-4CFB944E2900} = {F58C8996-FCED-4EF9-984E-10240F6B7FCF}
		{11CDAEF8-9395-4026-8218-4C6CA1DA61D0} = {F58C8996-FCED-4EF9-984E-10240F6B7FCF}
		{0787E2E0-CCC1-4572-85EC-AEA41199B4C7} = {7F133CF6-BAA6-4DB3-8352-C5F92D680618}
		{29AE06C6-A0D7-4914-B6FF-949D5F53CDD9} = {0787E2E0-CCC1-4572-85EC-AEA41199B4C7}
		{D722B52B-92EA-479D-B96D-0D7827BC4123} = {F58C8996-FCED-4EF9-984E-10240F6B7FCF}
		{A2E79516-F55F-49A7-87C7-6AA3D4EC18E3} = {24FAED4E-39B6-45FB-9D59-572FAE57D7FF}
	EndGlobalSection
	GlobalSection(ExtensibilityGlobals) = postSolution
		SolutionGuid = {3B011B04-5449-4321-A530-78D287BE2C84}
	EndGlobalSection
EndGlobal
